PODS:
  - Alamofire (5.4.3)
  - NVActivityIndicatorView (4.7.0):
    - NVActivityIndicatorView/Presenter (= 4.7.0)
  - NVActivityIndicatorView/Presenter (4.7.0)
  - SDWebImage (5.11.1):
    - SDWebImage/Core (= 5.11.1)
  - SDWebImage/Core (5.11.1)

DEPENDENCIES:
  - Alamofire
  - NVActivityIndicatorView (= 4.7.0)
  - SDWebImage

SPEC REPOS:
  trunk:
    - Alamofire
    - NVActivityIndicatorView
    - SDWebImage

SPEC CHECKSUMS:
  Alamofire: e447a2774a40c996748296fa2c55112fdbbc42f9
  NVActivityIndicatorView: b19ddab2576f805cbe0fb2306cba3476e09a1dea
  SDWebImage: a7f831e1a65eb5e285e3fb046a23fcfbf08e696d

PODFILE CHECKSUM: 0cde65aacaed0d18f27f7f32aefdbc0c8b0cbb68

COCOAPODS: 1.10.1
